
Microsoft Visual Studio Solution File, Format Version 12.00
# Visual Studio Version 17
VisualStudioVersion = 17.4.33110.190
MinimumVisualStudioVersion = 10.0.40219.1
Project("{FAE04EC0-301F-11D3-BF4B-00C04F79EFBC}") = "ECS", "ECS\ECS.csproj", "{DB4352AB-7D43-47B0-9793-6B0204849F41}"
EndProject
Global
	GlobalSection(SolutionConfigurationPlatforms) = preSolution
		Debug|Any CPU = Debug|Any CPU
		Release|Any CPU = Release|Any CPU
	EndGlobalSection
	GlobalSection(ProjectConfigurationPlatforms) = postSolution
		{DB4352AB-7D43-47B0-9793-6B0204849F41}.Debug|Any CPU.ActiveCfg = Debug|Any CPU
		{DB4352AB-7D43-47B0-9793-6B0204849F41}.Debug|Any CPU.Build.0 = Debug|Any CPU
		{DB4352AB-7D43-47B0-9793-6B0204849F41}.Release|Any CPU.ActiveCfg = Release|Any CPU
		{DB4352AB-7D43-47B0-9793-6B0204849F41}.Release|Any CPU.Build.0 = Release|Any CPU
	EndGlobalSection
	GlobalSection(SolutionProperties) = preSolution
		HideSolutionNode = FALSE
	EndGlobalSection
	GlobalSection(ExtensibilityGlobals) = postSolution
		SolutionGuid = {AA9B1C03-A55E-4A80-BBF9-2CCA98DD63D0}
	EndGlobalSection
EndGlobal
